
Microsoft Visual Studio Solution File, Format Version 12.00
# Visual Studio 15
Project("{FAE04EC0-301F-11D3-BF4B-00C04F79EFBC}") = "Assembly-CSharp", "Assembly-CSharp.csproj", "{6301E422-753D-81B2-9AB9-1D1F46ABF35E}"
EndProject
Project("{FAE04EC0-301F-11D3-BF4B-00C04F79EFBC}") = "NavMeshComponents", "NavMeshComponents.csproj", "{3004010B-C400-6B66-6A0C-F09A5AF9448A}"
EndProject
Project("{FAE04EC0-301F-11D3-BF4B-00C04F79EFBC}") = "NavMeshComponentsEditor", "NavMeshComponentsEditor.csproj", "{AF8E3B52-EEE9-70ED-2ACD-75032202AA66}"
EndProject
Project("{FAE04EC0-301F-11D3-BF4B-00C04F79EFBC}") = "Assembly-CSharp-Editor", "Assembly-CSharp-Editor.csproj", "{D8970EFF-BD68-5364-B50A-767575B7AFD6}"
EndProject
Global
	GlobalSection(SolutionConfigurationPlatforms) = preSolution
		Debug|Any CPU = Debug|Any CPU
		Release|Any CPU = Release|Any CPU
	EndGlobalSection
	GlobalSection(ProjectConfigurationPlatforms) = postSolution
		{6301E422-753D-81B2-9AB9-1D1F46ABF35E}.Debug|Any CPU.ActiveCfg = Debug|Any CPU
		{6301E422-753D-81B2-9AB9-1D1F46ABF35E}.Debug|Any CPU.Build.0 = Debug|Any CPU
		{6301E422-753D-81B2-9AB9-1D1F46ABF35E}.Release|Any CPU.ActiveCfg = Release|Any CPU
		{6301E422-753D-81B2-9AB9-1D1F46ABF35E}.Release|Any CPU.Build.0 = Release|Any CPU
		{3004010B-C400-6B66-6A0C-F09A5AF9448A}.Debug|Any CPU.ActiveCfg = Debug|Any CPU
		{3004010B-C400-6B66-6A0C-F09A5AF9448A}.Debug|Any CPU.Build.0 = Debug|Any CPU
		{3004010B-C400-6B66-6A0C-F09A5AF9448A}.Release|Any CPU.ActiveCfg = Release|Any CPU
		{3004010B-C400-6B66-6A0C-F09A5AF9448A}.Release|Any CPU.Build.0 = Release|Any CPU
		{AF8E3B52-EEE9-70ED-2ACD-75032202AA66}.Debug|Any CPU.ActiveCfg = Debug|Any CPU
		{AF8E3B52-EEE9-70ED-2ACD-75032202AA66}.Debug|Any CPU.Build.0 = Debug|Any CPU
		{AF8E3B52-EEE9-70ED-2ACD-75032202AA66}.Release|Any CPU.ActiveCfg = Release|Any CPU
		{AF8E3B52-EEE9-70ED-2ACD-75032202AA66}.Release|Any CPU.Build.0 = Release|Any CPU
		{D8970EFF-BD68-5364-B50A-767575B7AFD6}.Debug|Any CPU.ActiveCfg = Debug|Any CPU
		{D8970EFF-BD68-5364-B50A-767575B7AFD6}.Debug|Any CPU.Build.0 = Debug|Any CPU
		{D8970EFF-BD68-5364-B50A-767575B7AFD6}.Release|Any CPU.ActiveCfg = Release|Any CPU
		{D8970EFF-BD68-5364-B50A-767575B7AFD6}.Release|Any CPU.Build.0 = Release|Any CPU
	EndGlobalSection
	GlobalSection(SolutionProperties) = preSolution
		HideSolutionNode = FALSE
	EndGlobalSection
EndGlobal
